// !$*UTF8*$!
{
	archiveVersion = 1;
	classes = {
	};
	objectVersion = 55;
	objects = {

/* Begin PBXBuildFile section */
		C81EB4D6278BC7CE00A053E4 /* AppDelegate.swift in Sources */ = {isa = PBXBuildFile; fileRef = C81EB4D5278BC7CE00A053E4 /* AppDelegate.swift */; };
		C81EB4D8278BC7CE00A053E4 /* SceneDelegate.swift in Sources */ = {isa = PBXBuildFile; fileRef = C81EB4D7278BC7CE00A053E4 /* SceneDelegate.swift */; };
		C81EB4DD278BC7CE00A053E4 /* Main.storyboard in Resources */ = {isa = PBXBuildFile; fileRef = C81EB4DB278BC7CE00A053E4 /* Main.storyboard */; };
		C81EB4DF278BC7D000A053E4 /* Assets.xcassets in Resources */ = {isa = PBXBuildFile; fileRef = C81EB4DE278BC7D000A053E4 /* Assets.xcassets */; };
		C81EB4E2278BC7D000A053E4 /* LaunchScreen.storyboard in Resources */ = {isa = PBXBuildFile; fileRef = C81EB4E0278BC7D000A053E4 /* LaunchScreen.storyboard */; };
		C81EB4ED278BC7D000A053E4 /* HelloTransportHeartTests.swift in Sources */ = {isa = PBXBuildFile; fileRef = C81EB4EC278BC7D000A053E4 /* HelloTransportHeartTests.swift */; };
		C81EB4F7278BC7D000A053E4 /* HelloTransportHeartUITests.swift in Sources */ = {isa = PBXBuildFile; fileRef = C81EB4F6278BC7D000A053E4 /* HelloTransportHeartUITests.swift */; };
		C81EB4F9278BC7D000A053E4 /* HelloTransportHeartUITestsLaunchTests.swift in Sources */ = {isa = PBXBuildFile; fileRef = C81EB4F8278BC7D000A053E4 /* HelloTransportHeartUITestsLaunchTests.swift */; };
		C81EB508278BCA2400A053E4 /* EndPoint.swift in Sources */ = {isa = PBXBuildFile; fileRef = C81EB506278BCA2400A053E4 /* EndPoint.swift */; };
		C81EB509278BCA2400A053E4 /* DataLoader.swift in Sources */ = {isa = PBXBuildFile; fileRef = C81EB507278BCA2400A053E4 /* DataLoader.swift */; };
		C81EB50C278BCAC800A053E4 /* LocationUpdater.swift in Sources */ = {isa = PBXBuildFile; fileRef = C81EB50B278BCAC800A053E4 /* LocationUpdater.swift */; };
		C81EB512278BCC7500A053E4 /* NearByViewController.swift in Sources */ = {isa = PBXBuildFile; fileRef = C81EB511278BCC7500A053E4 /* NearByViewController.swift */; };
		C81EB514278BCC8400A053E4 /* NearByViewModel.swift in Sources */ = {isa = PBXBuildFile; fileRef = C81EB513278BCC8400A053E4 /* NearByViewModel.swift */; };
		C81EB516278BCCB100A053E4 /* NearByRespone.swift in Sources */ = {isa = PBXBuildFile; fileRef = C81EB515278BCCB100A053E4 /* NearByRespone.swift */; };
/* End PBXBuildFile section */

/* Begin PBXContainerItemProxy section */
		C81EB4E9278BC7D000A053E4 /* PBXContainerItemProxy */ = {
			isa = PBXContainerItemProxy;
			containerPortal = C81EB4CA278BC7CE00A053E4 /* Project object */;
			proxyType = 1;
			remoteGlobalIDString = C81EB4D1278BC7CE00A053E4;
			remoteInfo = HelloTransportHeart;
		};
		C81EB4F3278BC7D000A053E4 /* PBXContainerItemProxy */ = {
			isa = PBXContainerItemProxy;
			containerPortal = C81EB4CA278BC7CE00A053E4 /* Project object */;
			proxyType = 1;
			remoteGlobalIDString = C81EB4D1278BC7CE00A053E4;
			remoteInfo = HelloTransportHeart;
		};
/* End PBXContainerItemProxy section */

/* Begin PBXFileReference section */
		C81EB4D2278BC7CE00A053E4 /* HelloTransportHeart.app */ = {isa = PBXFileReference; explicitFileType = wrapper.application; includeInIndex = 0; path = HelloTransportHeart.app; sourceTree = BUILT_PRODUCTS_DIR; };
		C81EB4D5278BC7CE00A053E4 /* AppDelegate.swift */ = {isa = PBXFileReference; lastKnownFileType = sourcecode.swift; path = AppDelegate.swift; sourceTree = "<group>"; };
		C81EB4D7278BC7CE00A053E4 /* SceneDelegate.swift */ = {isa = PBXFileReference; lastKnownFileType = sourcecode.swift; path = SceneDelegate.swift; sourceTree = "<group>"; };
		C81EB4DC278BC7CE00A053E4 /* Base */ = {isa = PBXFileReference; lastKnownFileType = file.storyboard; name = Base; path = Base.lproj/Main.storyboard; sourceTree = "<group>"; };
		C81EB4DE278BC7D000A053E4 /* Assets.xcassets */ = {isa = PBXFileReference; lastKnownFileType = folder.assetcatalog; path = Assets.xcassets; sourceTree = "<group>"; };
		C81EB4E1278BC7D000A053E4 /* Base */ = {isa = PBXFileReference; lastKnownFileType = file.storyboard; name = Base; path = Base.lproj/LaunchScreen.storyboard; sourceTree = "<group>"; };
		C81EB4E3278BC7D000A053E4 /* Info.plist */ = {isa = PBXFileReference; lastKnownFileType = text.plist.xml; path = Info.plist; sourceTree = "<group>"; };
		C81EB4E8278BC7D000A053E4 /* HelloTransportHeartTests.xctest */ = {isa = PBXFileReference; explicitFileType = wrapper.cfbundle; includeInIndex = 0; path = HelloTransportHeartTests.xctest; sourceTree = BUILT_PRODUCTS_DIR; };
		C81EB4EC278BC7D000A053E4 /* HelloTransportHeartTests.swift */ = {isa = PBXFileReference; lastKnownFileType = sourcecode.swift; path = HelloTransportHeartTests.swift; sourceTree = "<group>"; };
		C81EB4F2278BC7D000A053E4 /* HelloTransportHeartUITests.xctest */ = {isa = PBXFileReference; explicitFileType = wrapper.cfbundle; includeInIndex = 0; path = HelloTransportHeartUITests.xctest; sourceTree = BUILT_PRODUCTS_DIR; };
		C81EB4F6278BC7D000A053E4 /* HelloTransportHeartUITests.swift */ = {isa = PBXFileReference; lastKnownFileType = sourcecode.swift; path = HelloTransportHeartUITests.swift; sourceTree = "<group>"; };
		C81EB4F8278BC7D000A053E4 /* HelloTransportHeartUITestsLaunchTests.swift */ = {isa = PBXFileReference; lastKnownFileType = sourcecode.swift; path = HelloTransportHeartUITestsLaunchTests.swift; sourceTree = "<group>"; };
		C81EB506278BCA2400A053E4 /* EndPoint.swift */ = {isa = PBXFileReference; fileEncoding = 4; lastKnownFileType = sourcecode.swift; path = EndPoint.swift; sourceTree = "<group>"; };
		C81EB507278BCA2400A053E4 /* DataLoader.swift */ = {isa = PBXFileReference; fileEncoding = 4; lastKnownFileType = sourcecode.swift; path = DataLoader.swift; sourceTree = "<group>"; };
		C81EB50B278BCAC800A053E4 /* LocationUpdater.swift */ = {isa = PBXFileReference; lastKnownFileType = sourcecode.swift; path = LocationUpdater.swift; sourceTree = "<group>"; };
		C81EB511278BCC7500A053E4 /* NearByViewController.swift */ = {isa = PBXFileReference; lastKnownFileType = sourcecode.swift; path = NearByViewController.swift; sourceTree = "<group>"; };
		C81EB513278BCC8400A053E4 /* NearByViewModel.swift */ = {isa = PBXFileReference; lastKnownFileType = sourcecode.swift; path = NearByViewModel.swift; sourceTree = "<group>"; };
		C81EB515278BCCB100A053E4 /* NearByRespone.swift */ = {isa = PBXFileReference; lastKnownFileType = sourcecode.swift; path = NearByRespone.swift; sourceTree = "<group>"; };
/* End PBXFileReference section */

/* Begin PBXFrameworksBuildPhase section */
		C81EB4CF278BC7CE00A053E4 /* Frameworks */ = {
			isa = PBXFrameworksBuildPhase;
			buildActionMask = 2147483647;
			files = (
			);
			runOnlyForDeploymentPostprocessing = 0;
		};
		C81EB4E5278BC7D000A053E4 /* Frameworks */ = {
			isa = PBXFrameworksBuildPhase;
			buildActionMask = 2147483647;
			files = (
			);
			runOnlyForDeploymentPostprocessing = 0;
		};
		C81EB4EF278BC7D000A053E4 /* Frameworks */ = {
			isa = PBXFrameworksBuildPhase;
			buildActionMask = 2147483647;
			files = (
			);
			runOnlyForDeploymentPostprocessing = 0;
		};
/* End PBXFrameworksBuildPhase section */

/* Begin PBXGroup section */
		C81EB4C9278BC7CE00A053E4 = {
			isa = PBXGroup;
			children = (
				C81EB4D4278BC7CE00A053E4 /* HelloTransportHeart */,
				C81EB4EB278BC7D000A053E4 /* HelloTransportHeartTests */,
				C81EB4F5278BC7D000A053E4 /* HelloTransportHeartUITests */,
				C81EB4D3278BC7CE00A053E4 /* Products */,
			);
			sourceTree = "<group>";
		};
		C81EB4D3278BC7CE00A053E4 /* Products */ = {
			isa = PBXGroup;
			children = (
				C81EB4D2278BC7CE00A053E4 /* HelloTransportHeart.app */,
				C81EB4E8278BC7D000A053E4 /* HelloTransportHeartTests.xctest */,
				C81EB4F2278BC7D000A053E4 /* HelloTransportHeartUITests.xctest */,
			);
			name = Products;
			sourceTree = "<group>";
		};
		C81EB4D4278BC7CE00A053E4 /* HelloTransportHeart */ = {
			isa = PBXGroup;
			children = (
				C81EB50D278BCC2800A053E4 /* NearBy */,
				C81EB50A278BCAB500A053E4 /* Share */,
				C81EB505278BCA1500A053E4 /* Network */,
				C81EB4D5278BC7CE00A053E4 /* AppDelegate.swift */,
				C81EB4D7278BC7CE00A053E4 /* SceneDelegate.swift */,
				C81EB4DB278BC7CE00A053E4 /* Main.storyboard */,
				C81EB4DE278BC7D000A053E4 /* Assets.xcassets */,
				C81EB4E0278BC7D000A053E4 /* LaunchScreen.storyboard */,
				C81EB4E3278BC7D000A053E4 /* Info.plist */,
			);
			path = HelloTransportHeart;
			sourceTree = "<group>";
		};
		C81EB4EB278BC7D000A053E4 /* HelloTransportHeartTests */ = {
			isa = PBXGroup;
			children = (
				C81EB4EC278BC7D000A053E4 /* HelloTransportHeartTests.swift */,
			);
			path = HelloTransportHeartTests;
			sourceTree = "<group>";
		};
		C81EB4F5278BC7D000A053E4 /* HelloTransportHeartUITests */ = {
			isa = PBXGroup;
			children = (
				C81EB4F6278BC7D000A053E4 /* HelloTransportHeartUITests.swift */,
				C81EB4F8278BC7D000A053E4 /* HelloTransportHeartUITestsLaunchTests.swift */,
			);
			path = HelloTransportHeartUITests;
			sourceTree = "<group>";
		};
		C81EB505278BCA1500A053E4 /* Network */ = {
			isa = PBXGroup;
			children = (
				C81EB507278BCA2400A053E4 /* DataLoader.swift */,
				C81EB506278BCA2400A053E4 /* EndPoint.swift */,
			);
			path = Network;
			sourceTree = "<group>";
		};
		C81EB50A278BCAB500A053E4 /* Share */ = {
			isa = PBXGroup;
			children = (
				C81EB50B278BCAC800A053E4 /* LocationUpdater.swift */,
			);
			path = Share;
			sourceTree = "<group>";
		};
		C81EB50D278BCC2800A053E4 /* NearBy */ = {
			isa = PBXGroup;
			children = (
				C81EB510278BCC5600A053E4 /* View */,
				C81EB50F278BCC4800A053E4 /* ViewModel */,
				C81EB50E278BCC4200A053E4 /* Model */,
			);
			path = NearBy;
			sourceTree = "<group>";
		};
		C81EB50E278BCC4200A053E4 /* Model */ = {
			isa = PBXGroup;
			children = (
				C81EB515278BCCB100A053E4 /* NearByRespone.swift */,
			);
			path = Model;
			sourceTree = "<group>";
		};
		C81EB50F278BCC4800A053E4 /* ViewModel */ = {
			isa = PBXGroup;
			children = (
				C81EB513278BCC8400A053E4 /* NearByViewModel.swift */,
			);
			path = ViewModel;
			sourceTree = "<group>";
		};
		C81EB510278BCC5600A053E4 /* View */ = {
			isa = PBXGroup;
			children = (
				C81EB511278BCC7500A053E4 /* NearByViewController.swift */,
			);
			path = View;
			sourceTree = "<group>";
		};
/* End PBXGroup section */

/* Begin PBXNativeTarget section */
		C81EB4D1278BC7CE00A053E4 /* HelloTransportHeart */ = {
			isa = PBXNativeTarget;
			buildConfigurationList = C81EB4FC278BC7D000A053E4 /* Build configuration list for PBXNativeTarget "HelloTransportHeart" */;
			buildPhases = (
				C81EB4CE278BC7CE00A053E4 /* Sources */,
				C81EB4CF278BC7CE00A053E4 /* Frameworks */,
				C81EB4D0278BC7CE00A053E4 /* Resources */,
			);
			buildRules = (
			);
			dependencies = (
			);
			name = HelloTransportHeart;
			productName = HelloTransportHeart;
			productReference = C81EB4D2278BC7CE00A053E4 /* HelloTransportHeart.app */;
			productType = "com.apple.product-type.application";
		};
		C81EB4E7278BC7D000A053E4 /* HelloTransportHeartTests */ = {
			isa = PBXNativeTarget;
			buildConfigurationList = C81EB4FF278BC7D000A053E4 /* Build configuration list for PBXNativeTarget "HelloTransportHeartTests" */;
			buildPhases = (
				C81EB4E4278BC7D000A053E4 /* Sources */,
				C81EB4E5278BC7D000A053E4 /* Frameworks */,
				C81EB4E6278BC7D000A053E4 /* Resources */,
			);
			buildRules = (
			);
			dependencies = (
				C81EB4EA278BC7D000A053E4 /* PBXTargetDependency */,
			);
			name = HelloTransportHeartTests;
			productName = HelloTransportHeartTests;
			productReference = C81EB4E8278BC7D000A053E4 /* HelloTransportHeartTests.xctest */;
			productType = "com.apple.product-type.bundle.unit-test";
		};
		C81EB4F1278BC7D000A053E4 /* HelloTransportHeartUITests */ = {
			isa = PBXNativeTarget;
			buildConfigurationList = C81EB502278BC7D000A053E4 /* Build configuration list for PBXNativeTarget "HelloTransportHeartUITests" */;
			buildPhases = (
				C81EB4EE278BC7D000A053E4 /* Sources */,
				C81EB4EF278BC7D000A053E4 /* Frameworks */,
				C81EB4F0278BC7D000A053E4 /* Resources */,
			);
			buildRules = (
			);
			dependencies = (
				C81EB4F4278BC7D000A053E4 /* PBXTargetDependency */,
			);
			name = HelloTransportHeartUITests;
			productName = HelloTransportHeartUITests;
			productReference = C81EB4F2278BC7D000A053E4 /* HelloTransportHeartUITests.xctest */;
			productType = "com.apple.product-type.bundle.ui-testing";
		};
/* End PBXNativeTarget section */

/* Begin PBXProject section */
		C81EB4CA278BC7CE00A053E4 /* Project object */ = {
			isa = PBXProject;
			attributes = {
				BuildIndependentTargetsInParallel = 1;
				LastSwiftUpdateCheck = 1320;
				LastUpgradeCheck = 1320;
				TargetAttributes = {
					C81EB4D1278BC7CE00A053E4 = {
						CreatedOnToolsVersion = 13.2.1;
					};
					C81EB4E7278BC7D000A053E4 = {
						CreatedOnToolsVersion = 13.2.1;
						TestTargetID = C81EB4D1278BC7CE00A053E4;
					};
					C81EB4F1278BC7D000A053E4 = {
						CreatedOnToolsVersion = 13.2.1;
						TestTargetID = C81EB4D1278BC7CE00A053E4;
					};
				};
			};
			buildConfigurationList = C81EB4CD278BC7CE00A053E4 /* Build configuration list for PBXProject "HelloTransportHeart" */;
			compatibilityVersion = "Xcode 13.0";
			developmentRegion = en;
			hasScannedForEncodings = 0;
			knownRegions = (
				en,
				Base,
			);
			mainGroup = C81EB4C9278BC7CE00A053E4;
			productRefGroup = C81EB4D3278BC7CE00A053E4 /* Products */;
			projectDirPath = "";
			projectRoot = "";
			targets = (
				C81EB4D1278BC7CE00A053E4 /* HelloTransportHeart */,
				C81EB4E7278BC7D000A053E4 /* HelloTransportHeartTests */,
				C81EB4F1278BC7D000A053E4 /* HelloTransportHeartUITests */,
			);
		};
/* End PBXProject section */

/* Begin PBXResourcesBuildPhase section */
		C81EB4D0278BC7CE00A053E4 /* Resources */ = {
			isa = PBXResourcesBuildPhase;
			buildActionMask = 2147483647;
			files = (
				C81EB4E2278BC7D000A053E4 /* LaunchScreen.storyboard in Resources */,
				C81EB4DF278BC7D000A053E4 /* Assets.xcassets in Resources */,
				C81EB4DD278BC7CE00A053E4 /* Main.storyboard in Resources */,
			);
			runOnlyForDeploymentPostprocessing = 0;
		};
		C81EB4E6278BC7D000A053E4 /* Resources */ = {
			isa = PBXResourcesBuildPhase;
			buildActionMask = 2147483647;
			files = (
			);
			runOnlyForDeploymentPostprocessing = 0;
		};
		C81EB4F0278BC7D000A053E4 /* Resources */ = {
			isa = PBXResourcesBuildPhase;
			buildActionMask = 2147483647;
			files = (
			);
			runOnlyForDeploymentPostprocessing = 0;
		};
/* End PBXResourcesBuildPhase section */

/* Begin PBXSourcesBuildPhase section */
		C81EB4CE278BC7CE00A053E4 /* Sources */ = {
			isa = PBXSourcesBuildPhase;
			buildActionMask = 2147483647;
			files = (
				C81EB509278BCA2400A053E4 /* DataLoader.swift in Sources */,
				C81EB4D6278BC7CE00A053E4 /* AppDelegate.swift in Sources */,
				C81EB508278BCA2400A053E4 /* EndPoint.swift in Sources */,
				C81EB516278BCCB100A053E4 /* NearByRespone.swift in Sources */,
				C81EB50C278BCAC800A053E4 /* LocationUpdater.swift in Sources */,
				C81EB514278BCC8400A053E4 /* NearByViewModel.swift in Sources */,
				C81EB4D8278BC7CE00A053E4 /* SceneDelegate.swift in Sources */,
				C81EB512278BCC7500A053E4 /* NearByViewController.swift in Sources */,
			);
			runOnlyForDeploymentPostprocessing = 0;
		};
		C81EB4E4278BC7D000A053E4 /* Sources */ = {
			isa = PBXSourcesBuildPhase;
			buildActionMask = 2147483647;
			files = (
				C81EB4ED278BC7D000A053E4 /* HelloTransportHeartTests.swift in Sources */,
			);
			runOnlyForDeploymentPostprocessing = 0;
		};
		C81EB4EE278BC7D000A053E4 /* Sources */ = {
			isa = PBXSourcesBuildPhase;
			buildActionMask = 2147483647;
			files = (
				C81EB4F9278BC7D000A053E4 /* HelloTransportHeartUITestsLaunchTests.swift in Sources */,
				C81EB4F7278BC7D000A053E4 /* HelloTransportHeartUITests.swift in Sources */,
			);
			runOnlyForDeploymentPostprocessing = 0;
		};
/* End PBXSourcesBuildPhase section */

/* Begin PBXTargetDependency section */
		C81EB4EA278BC7D000A053E4 /* PBXTargetDependency */ = {
			isa = PBXTargetDependency;
			target = C81EB4D1278BC7CE00A053E4 /* HelloTransportHeart */;
			targetProxy = C81EB4E9278BC7D000A053E4 /* PBXContainerItemProxy */;
		};
		C81EB4F4278BC7D000A053E4 /* PBXTargetDependency */ = {
			isa = PBXTargetDependency;
			target = C81EB4D1278BC7CE00A053E4 /* HelloTransportHeart */;
			targetProxy = C81EB4F3278BC7D000A053E4 /* PBXContainerItemProxy */;
		};
/* End PBXTargetDependency section */

/* Begin PBXVariantGroup section */
		C81EB4DB278BC7CE00A053E4 /* Main.storyboard */ = {
			isa = PBXVariantGroup;
			children = (
				C81EB4DC278BC7CE00A053E4 /* Base */,
			);
			name = Main.storyboard;
			sourceTree = "<group>";
		};
		C81EB4E0278BC7D000A053E4 /* LaunchScreen.storyboard */ = {
			isa = PBXVariantGroup;
			children = (
				C81EB4E1278BC7D000A053E4 /* Base */,
			);
			name = LaunchScreen.storyboard;
			sourceTree = "<group>";
		};
/* End PBXVariantGroup section */

/* Begin XCBuildConfiguration section */
		C81EB4FA278BC7D000A053E4 /* Debug */ = {
			isa = XCBuildConfiguration;
			buildSettings = {
				ALWAYS_SEARCH_USER_PATHS = NO;
				CLANG_ANALYZER_NONNULL = YES;
				CLANG_ANALYZER_NUMBER_OBJECT_CONVERSION = YES_AGGRESSIVE;
				CLANG_CXX_LANGUAGE_STANDARD = "gnu++17";
				CLANG_CXX_LIBRARY = "libc++";
				CLANG_ENABLE_MODULES = YES;
				CLANG_ENABLE_OBJC_ARC = YES;
				CLANG_ENABLE_OBJC_WEAK = YES;
				CLANG_WARN_BLOCK_CAPTURE_AUTORELEASING = YES;
				CLANG_WARN_BOOL_CONVERSION = YES;
				CLANG_WARN_COMMA = YES;
				CLANG_WARN_CONSTANT_CONVERSION = YES;
				CLANG_WARN_DEPRECATED_OBJC_IMPLEMENTATIONS = YES;
				CLANG_WARN_DIRECT_OBJC_ISA_USAGE = YES_ERROR;
				CLANG_WARN_DOCUMENTATION_COMMENTS = YES;
				CLANG_WARN_EMPTY_BODY = YES;
				CLANG_WARN_ENUM_CONVERSION = YES;
				CLANG_WARN_INFINITE_RECURSION = YES;
				CLANG_WARN_INT_CONVERSION = YES;
				CLANG_WARN_NON_LITERAL_NULL_CONVERSION = YES;
				CLANG_WARN_OBJC_IMPLICIT_RETAIN_SELF = YES;
				CLANG_WARN_OBJC_LITERAL_CONVERSION = YES;
				CLANG_WARN_OBJC_ROOT_CLASS = YES_ERROR;
				CLANG_WARN_QUOTED_INCLUDE_IN_FRAMEWORK_HEADER = YES;
				CLANG_WARN_RANGE_LOOP_ANALYSIS = YES;
				CLANG_WARN_STRICT_PROTOTYPES = YES;
				CLANG_WARN_SUSPICIOUS_MOVE = YES;
				CLANG_WARN_UNGUARDED_AVAILABILITY = YES_AGGRESSIVE;
				CLANG_WARN_UNREACHABLE_CODE = YES;
				CLANG_WARN__DUPLICATE_METHOD_MATCH = YES;
				COPY_PHASE_STRIP = NO;
				DEBUG_INFORMATION_FORMAT = dwarf;
				ENABLE_STRICT_OBJC_MSGSEND = YES;
				ENABLE_TESTABILITY = YES;
				GCC_C_LANGUAGE_STANDARD = gnu11;
				GCC_DYNAMIC_NO_PIC = NO;
				GCC_NO_COMMON_BLOCKS = YES;
				GCC_OPTIMIZATION_LEVEL = 0;
				GCC_PREPROCESSOR_DEFINITIONS = (
					"DEBUG=1",
					"$(inherited)",
				);
				GCC_WARN_64_TO_32_BIT_CONVERSION = YES;
				GCC_WARN_ABOUT_RETURN_TYPE = YES_ERROR;
				GCC_WARN_UNDECLARED_SELECTOR = YES;
				GCC_WARN_UNINITIALIZED_AUTOS = YES_AGGRESSIVE;
				GCC_WARN_UNUSED_FUNCTION = YES;
				GCC_WARN_UNUSED_VARIABLE = YES;
				IPHONEOS_DEPLOYMENT_TARGET = 15.2;
				MTL_ENABLE_DEBUG_INFO = INCLUDE_SOURCE;
				MTL_FAST_MATH = YES;
				ONLY_ACTIVE_ARCH = YES;
				SDKROOT = iphoneos;
				SWIFT_ACTIVE_COMPILATION_CONDITIONS = DEBUG;
				SWIFT_OPTIMIZATION_LEVEL = "-Onone";
			};
			name = Debug;
		};
		C81EB4FB278BC7D000A053E4 /* Release */ = {
			isa = XCBuildConfiguration;
			buildSettings = {
				ALWAYS_SEARCH_USER_PATHS = NO;
				CLANG_ANALYZER_NONNULL = YES;
				CLANG_ANALYZER_NUMBER_OBJECT_CONVERSION = YES_AGGRESSIVE;
				CLANG_CXX_LANGUAGE_STANDARD = "gnu++17";
				CLANG_CXX_LIBRARY = "libc++";
				CLANG_ENABLE_MODULES = YES;
				CLANG_ENABLE_OBJC_ARC = YES;
				CLANG_ENABLE_OBJC_WEAK = YES;
				CLANG_WARN_BLOCK_CAPTURE_AUTORELEASING = YES;
				CLANG_WARN_BOOL_CONVERSION = YES;
				CLANG_WARN_COMMA = YES;
				CLANG_WARN_CONSTANT_CONVERSION = YES;
				CLANG_WARN_DEPRECATED_OBJC_IMPLEMENTATIONS = YES;
				CLANG_WARN_DIRECT_OBJC_ISA_USAGE = YES_ERROR;
				CLANG_WARN_DOCUMENTATION_COMMENTS = YES;
				CLANG_WARN_EMPTY_BODY = YES;
				CLANG_WARN_ENUM_CONVERSION = YES;
				CLANG_WARN_INFINITE_RECURSION = YES;
				CLANG_WARN_INT_CONVERSION = YES;
				CLANG_WARN_NON_LITERAL_NULL_CONVERSION = YES;
				CLANG_WARN_OBJC_IMPLICIT_RETAIN_SELF = YES;
				CLANG_WARN_OBJC_LITERAL_CONVERSION = YES;
				CLANG_WARN_OBJC_ROOT_CLASS = YES_ERROR;
				CLANG_WARN_QUOTED_INCLUDE_IN_FRAMEWORK_HEADER = YES;
				CLANG_WARN_RANGE_LOOP_ANALYSIS = YES;
				CLANG_WARN_STRICT_PROTOTYPES = YES;
				CLANG_WARN_SUSPICIOUS_MOVE = YES;
				CLANG_WARN_UNGUARDED_AVAILABILITY = YES_AGGRESSIVE;
				CLANG_WARN_UNREACHABLE_CODE = YES;
				CLANG_WARN__DUPLICATE_METHOD_MATCH = YES;
				COPY_PHASE_STRIP = NO;
				DEBUG_INFORMATION_FORMAT = "dwarf-with-dsym";
				ENABLE_NS_ASSERTIONS = NO;
				ENABLE_STRICT_OBJC_MSGSEND = YES;
				GCC_C_LANGUAGE_STANDARD = gnu11;
				GCC_NO_COMMON_BLOCKS = YES;
				GCC_WARN_64_TO_32_BIT_CONVERSION = YES;
				GCC_WARN_ABOUT_RETURN_TYPE = YES_ERROR;
				GCC_WARN_UNDECLARED_SELECTOR = YES;
				GCC_WARN_UNINITIALIZED_AUTOS = YES_AGGRESSIVE;
				GCC_WARN_UNUSED_FUNCTION = YES;
				GCC_WARN_UNUSED_VARIABLE = YES;
				IPHONEOS_DEPLOYMENT_TARGET = 15.2;
				MTL_ENABLE_DEBUG_INFO = NO;
				MTL_FAST_MATH = YES;
				SDKROOT = iphoneos;
				SWIFT_COMPILATION_MODE = wholemodule;
				SWIFT_OPTIMIZATION_LEVEL = "-O";
				VALIDATE_PRODUCT = YES;
			};
			name = Release;
		};
		C81EB4FD278BC7D000A053E4 /* Debug */ = {
			isa = XCBuildConfiguration;
			buildSettings = {
				ASSETCATALOG_COMPILER_APPICON_NAME = AppIcon;
				ASSETCATALOG_COMPILER_GLOBAL_ACCENT_COLOR_NAME = AccentColor;
				CODE_SIGN_STYLE = Automatic;
				CURRENT_PROJECT_VERSION = 1;
				DEVELOPMENT_TEAM = 6AH3KD253Z;
				GENERATE_INFOPLIST_FILE = YES;
				INFOPLIST_FILE = HelloTransportHeart/Info.plist;
				INFOPLIST_KEY_UIApplicationSupportsIndirectInputEvents = YES;
				INFOPLIST_KEY_UILaunchStoryboardName = LaunchScreen;
				INFOPLIST_KEY_UIMainStoryboardFile = Main;
				INFOPLIST_KEY_UISupportedInterfaceOrientations_iPad = "UIInterfaceOrientationPortrait UIInterfaceOrientationPortraitUpsideDown UIInterfaceOrientationLandscapeLeft UIInterfaceOrientationLandscapeRight";
				INFOPLIST_KEY_UISupportedInterfaceOrientations_iPhone = "UIInterfaceOrientationPortrait UIInterfaceOrientationLandscapeLeft UIInterfaceOrientationLandscapeRight";
				LD_RUNPATH_SEARCH_PATHS = (
					"$(inherited)",
					"@executable_path/Frameworks",
				);
				MARKETING_VERSION = 1.0;
				PRODUCT_BUNDLE_IDENTIFIER = williamliao.HelloTransportHeart;
				PRODUCT_NAME = "$(TARGET_NAME)";
				SWIFT_EMIT_LOC_STRINGS = YES;
				SWIFT_VERSION = 5.0;
				TARGETED_DEVICE_FAMILY = "1,2";
			};
			name = Debug;
		};
		C81EB4FE278BC7D000A053E4 /* Release */ = {
			isa = XCBuildConfiguration;
			buildSettings = {
				ASSETCATALOG_COMPILER_APPICON_NAME = AppIcon;
				ASSETCATALOG_COMPILER_GLOBAL_ACCENT_COLOR_NAME = AccentColor;
				CODE_SIGN_STYLE = Automatic;
				CURRENT_PROJECT_VERSION = 1;
				DEVELOPMENT_TEAM = 6AH3KD253Z;
				GENERATE_INFOPLIST_FILE = YES;
				INFOPLIST_FILE = HelloTransportHeart/Info.plist;
				INFOPLIST_KEY_UIApplicationSupportsIndirectInputEvents = YES;
				INFOPLIST_KEY_UILaunchStoryboardName = LaunchScreen;
				INFOPLIST_KEY_UIMainStoryboardFile = Main;
				INFOPLIST_KEY_UISupportedInterfaceOrientations_iPad = "UIInterfaceOrientationPortrait UIInterfaceOrientationPortraitUpsideDown UIInterfaceOrientationLandscapeLeft UIInterfaceOrientationLandscapeRight";
				INFOPLIST_KEY_UISupportedInterfaceOrientations_iPhone = "UIInterfaceOrientationPortrait UIInterfaceOrientationLandscapeLeft UIInterfaceOrientationLandscapeRight";
				LD_RUNPATH_SEARCH_PATHS = (
					"$(inherited)",
					"@executable_path/Frameworks",
				);
				MARKETING_VERSION = 1.0;
				PRODUCT_BUNDLE_IDENTIFIER = williamliao.HelloTransportHeart;
				PRODUCT_NAME = "$(TARGET_NAME)";
				SWIFT_EMIT_LOC_STRINGS = YES;
				SWIFT_VERSION = 5.0;
				TARGETED_DEVICE_FAMILY = "1,2";
			};
			name = Release;
		};
		C81EB500278BC7D000A053E4 /* Debug */ = {
			isa = XCBuildConfiguration;
			buildSettings = {
				ALWAYS_EMBED_SWIFT_STANDARD_LIBRARIES = YES;
				BUNDLE_LOADER = "$(TEST_HOST)";
				CODE_SIGN_STYLE = Automatic;
				CURRENT_PROJECT_VERSION = 1;
				DEVELOPMENT_TEAM = 6AH3KD253Z;
				GENERATE_INFOPLIST_FILE = YES;
				IPHONEOS_DEPLOYMENT_TARGET = 15.2;
				MARKETING_VERSION = 1.0;
				PRODUCT_BUNDLE_IDENTIFIER = williamliao.HelloTransportHeartTests;
				PRODUCT_NAME = "$(TARGET_NAME)";
				SWIFT_EMIT_LOC_STRINGS = NO;
				SWIFT_VERSION = 5.0;
				TARGETED_DEVICE_FAMILY = "1,2";
				TEST_HOST = "$(BUILT_PRODUCTS_DIR)/HelloTransportHeart.app/HelloTransportHeart";
			};
			name = Debug;
		};
		C81EB501278BC7D000A053E4 /* Release */ = {
			isa = XCBuildConfiguration;
			buildSettings = {
				ALWAYS_EMBED_SWIFT_STANDARD_LIBRARIES = YES;
				BUNDLE_LOADER = "$(TEST_HOST)";
				CODE_SIGN_STYLE = Automatic;
				CURRENT_PROJECT_VERSION = 1;
				DEVELOPMENT_TEAM = 6AH3KD253Z;
				GENERATE_INFOPLIST_FILE = YES;
				IPHONEOS_DEPLOYMENT_TARGET = 15.2;
				MARKETING_VERSION = 1.0;
				PRODUCT_BUNDLE_IDENTIFIER = williamliao.HelloTransportHeartTests;
				PRODUCT_NAME = "$(TARGET_NAME)";
				SWIFT_EMIT_LOC_STRINGS = NO;
				SWIFT_VERSION = 5.0;
				TARGETED_DEVICE_FAMILY = "1,2";
				TEST_HOST = "$(BUILT_PRODUCTS_DIR)/HelloTransportHeart.app/HelloTransportHeart";
			};
			name = Release;
		};
		C81EB503278BC7D000A053E4 /* Debug */ = {
			isa = XCBuildConfiguration;
			buildSettings = {
				ALWAYS_EMBED_SWIFT_STANDARD_LIBRARIES = YES;
				CODE_SIGN_STYLE = Automatic;
				CURRENT_PROJECT_VERSION = 1;
				DEVELOPMENT_TEAM = 6AH3KD253Z;
				GENERATE_INFOPLIST_FILE = YES;
				MARKETING_VERSION = 1.0;
				PRODUCT_BUNDLE_IDENTIFIER = williamliao.HelloTransportHeartUITests;
				PRODUCT_NAME = "$(TARGET_NAME)";
				SWIFT_EMIT_LOC_STRINGS = NO;
				SWIFT_VERSION = 5.0;
				TARGETED_DEVICE_FAMILY = "1,2";
				TEST_TARGET_NAME = HelloTransportHeart;
			};
			name = Debug;
		};
		C81EB504278BC7D000A053E4 /* Release */ = {
			isa = XCBuildConfiguration;
			buildSettings = {
				ALWAYS_EMBED_SWIFT_STANDARD_LIBRARIES = YES;
				CODE_SIGN_STYLE = Automatic;
				CURRENT_PROJECT_VERSION = 1;
				DEVELOPMENT_TEAM = 6AH3KD253Z;
				GENERATE_INFOPLIST_FILE = YES;
				MARKETING_VERSION = 1.0;
				PRODUCT_BUNDLE_IDENTIFIER = williamliao.HelloTransportHeartUITests;
				PRODUCT_NAME = "$(TARGET_NAME)";
				SWIFT_EMIT_LOC_STRINGS = NO;
				SWIFT_VERSION = 5.0;
				TARGETED_DEVICE_FAMILY = "1,2";
				TEST_TARGET_NAME = HelloTransportHeart;
			};
			name = Release;
		};
/* End XCBuildConfiguration section */

/* Begin XCConfigurationList section */
		C81EB4CD278BC7CE00A053E4 /* Build configuration list for PBXProject "HelloTransportHeart" */ = {
			isa = XCConfigurationList;
			buildConfigurations = (
				C81EB4FA278BC7D000A053E4 /* Debug */,
				C81EB4FB278BC7D000A053E4 /* Release */,
			);
			defaultConfigurationIsVisible = 0;
			defaultConfigurationName = Release;
		};
		C81EB4FC278BC7D000A053E4 /* Build configuration list for PBXNativeTarget "HelloTransportHeart" */ = {
			isa = XCConfigurationList;
			buildConfigurations = (
				C81EB4FD278BC7D000A053E4 /* Debug */,
				C81EB4FE278BC7D000A053E4 /* Release */,
			);
			defaultConfigurationIsVisible = 0;
			defaultConfigurationName = Release;
		};
		C81EB4FF278BC7D000A053E4 /* Build configuration list for PBXNativeTarget "HelloTransportHeartTests" */ = {
			isa = XCConfigurationList;
			buildConfigurations = (
				C81EB500278BC7D000A053E4 /* Debug */,
				C81EB501278BC7D000A053E4 /* Release */,
			);
			defaultConfigurationIsVisible = 0;
			defaultConfigurationName = Release;
		};
		C81EB502278BC7D000A053E4 /* Build configuration list for PBXNativeTarget "HelloTransportHeartUITests" */ = {
			isa = XCConfigurationList;
			buildConfigurations = (
				C81EB503278BC7D000A053E4 /* Debug */,
				C81EB504278BC7D000A053E4 /* Release */,
			);
			defaultConfigurationIsVisible = 0;
			defaultConfigurationName = Release;
		};
/* End XCConfigurationList section */
	};
	rootObject = C81EB4CA278BC7CE00A053E4 /* Project object */;
}
